
Microsoft Visual Studio Solution File, Format Version 12.00
# Visual Studio 15
VisualStudioVersion = 15.0.28307.421
MinimumVisualStudioVersion = 10.0.40219.1
Project("{FAE04EC0-301F-11D3-BF4B-00C04F79EFBC}") = "XamarinIntro.Android", "XamarinIntro\XamarinIntro.Android\XamarinIntro.Android.csproj", "{37142F23-8603-472E-812F-233FD1B2AA84}"
EndProject
Project("{FAE04EC0-301F-11D3-BF4B-00C04F79EFBC}") = "XamarinIntro.iOS", "XamarinIntro\XamarinIntro.iOS\XamarinIntro.iOS.csproj", "{1CD8DC1E-74C6-4593-9752-132E51F44922}"
EndProject
Project("{FAE04EC0-301F-11D3-BF4B-00C04F79EFBC}") = "XamarinIntro", "XamarinIntro\XamarinIntro\XamarinIntro.csproj", "{E6A47898-AFD0-409E-A968-FA2B845FE301}"
EndProject
Global
	GlobalSection(SolutionConfigurationPlatforms) = preSolution
		Ad-Hoc|Any CPU = Ad-Hoc|Any CPU
		Ad-Hoc|iPhone = Ad-Hoc|iPhone
		Ad-Hoc|iPhoneSimulator = Ad-Hoc|iPhoneSimulator
		AppStore|Any CPU = AppStore|Any CPU
		AppStore|iPhone = AppStore|iPhone
		AppStore|iPhoneSimulator = AppStore|iPhoneSimulator
		Debug|Any CPU = Debug|Any CPU
		Debug|iPhone = Debug|iPhone
		Debug|iPhoneSimulator = Debug|iPhoneSimulator
		Release|Any CPU = Release|Any CPU
		Release|iPhone = Release|iPhone
		Release|iPhoneSimulator = Release|iPhoneSimulator
	EndGlobalSection
	GlobalSection(ProjectConfigurationPlatforms) = postSolution
		{37142F23-8603-472E-812F-233FD1B2AA84}.Ad-Hoc|Any CPU.ActiveCfg = Release|Any CPU
		{37142F23-8603-472E-812F-233FD1B2AA84}.Ad-Hoc|Any CPU.Build.0 = Release|Any CPU
		{37142F23-8603-472E-812F-233FD1B2AA84}.Ad-Hoc|Any CPU.Deploy.0 = Release|Any CPU
		{37142F23-8603-472E-812F-233FD1B2AA84}.Ad-Hoc|iPhone.ActiveCfg = Release|Any CPU
		{37142F23-8603-472E-812F-233FD1B2AA84}.Ad-Hoc|iPhone.Build.0 = Release|Any CPU
		{37142F23-8603-472E-812F-233FD1B2AA84}.Ad-Hoc|iPhone.Deploy.0 = Release|Any CPU
		{37142F23-8603-472E-812F-233FD1B2AA84}.Ad-Hoc|iPhoneSimulator.ActiveCfg = Release|Any CPU
		{37142F23-8603-472E-812F-233FD1B2AA84}.Ad-Hoc|iPhoneSimulator.Build.0 = Release|Any CPU
		{37142F23-8603-472E-812F-233FD1B2AA84}.Ad-Hoc|iPhoneSimulator.Deploy.0 = Release|Any CPU
		{37142F23-8603-472E-812F-233FD1B2AA84}.AppStore|Any CPU.ActiveCfg = Release|Any CPU
		{37142F23-8603-472E-812F-233FD1B2AA84}.AppStore|Any CPU.Build.0 = Release|Any CPU
		{37142F23-8603-472E-812F-233FD1B2AA84}.AppStore|Any CPU.Deploy.0 = Release|Any CPU
		{37142F23-8603-472E-812F-233FD1B2AA84}.AppStore|iPhone.ActiveCfg = Release|Any CPU
		{37142F23-8603-472E-812F-233FD1B2AA84}.AppStore|iPhone.Build.0 = Release|Any CPU
		{37142F23-8603-472E-812F-233FD1B2AA84}.AppStore|iPhone.Deploy.0 = Release|Any CPU
		{37142F23-8603-472E-812F-233FD1B2AA84}.AppStore|iPhoneSimulator.ActiveCfg = Release|Any CPU
		{37142F23-8603-472E-812F-233FD1B2AA84}.AppStore|iPhoneSimulator.Build.0 = Release|Any CPU
		{37142F23-8603-472E-812F-233FD1B2AA84}.AppStore|iPhoneSimulator.Deploy.0 = Release|Any CPU
		{37142F23-8603-472E-812F-233FD1B2AA84}.Debug|Any CPU.ActiveCfg = Debug|Any CPU
		{37142F23-8603-472E-812F-233FD1B2AA84}.Debug|Any CPU.Build.0 = Debug|Any CPU
		{37142F23-8603-472E-812F-233FD1B2AA84}.Debug|Any CPU.Deploy.0 = Debug|Any CPU
		{37142F23-8603-472E-812F-233FD1B2AA84}.Debug|iPhone.ActiveCfg = Debug|Any CPU
		{37142F23-8603-472E-812F-233FD1B2AA84}.Debug|iPhone.Build.0 = Debug|Any CPU
		{37142F23-8603-472E-812F-233FD1B2AA84}.Debug|iPhone.Deploy.0 = Debug|Any CPU
		{37142F23-8603-472E-812F-233FD1B2AA84}.Debug|iPhoneSimulator.ActiveCfg = Debug|Any CPU
		{37142F23-8603-472E-812F-233FD1B2AA84}.Debug|iPhoneSimulator.Build.0 = Debug|Any CPU
		{37142F23-8603-472E-812F-233FD1B2AA84}.Debug|iPhoneSimulator.Deploy.0 = Debug|Any CPU
		{37142F23-8603-472E-812F-233FD1B2AA84}.Release|Any CPU.ActiveCfg = Release|Any CPU
		{37142F23-8603-472E-812F-233FD1B2AA84}.Release|Any CPU.Build.0 = Release|Any CPU
		{37142F23-8603-472E-812F-233FD1B2AA84}.Release|Any CPU.Deploy.0 = Release|Any CPU
		{37142F23-8603-472E-812F-233FD1B2AA84}.Release|iPhone.ActiveCfg = Release|Any CPU
		{37142F23-8603-472E-812F-233FD1B2AA84}.Release|iPhone.Build.0 = Release|Any CPU
		{37142F23-8603-472E-812F-233FD1B2AA84}.Release|iPhone.Deploy.0 = Release|Any CPU
		{37142F23-8603-472E-812F-233FD1B2AA84}.Release|iPhoneSimulator.ActiveCfg = Release|Any CPU
		{37142F23-8603-472E-812F-233FD1B2AA84}.Release|iPhoneSimulator.Build.0 = Release|Any CPU
		{37142F23-8603-472E-812F-233FD1B2AA84}.Release|iPhoneSimulator.Deploy.0 = Release|Any CPU
		{1CD8DC1E-74C6-4593-9752-132E51F44922}.Ad-Hoc|Any CPU.ActiveCfg = Ad-Hoc|iPhone
		{1CD8DC1E-74C6-4593-9752-132E51F44922}.Ad-Hoc|Any CPU.Build.0 = Ad-Hoc|iPhone
		{1CD8DC1E-74C6-4593-9752-132E51F44922}.Ad-Hoc|Any CPU.Deploy.0 = Ad-Hoc|iPhone
		{1CD8DC1E-74C6-4593-9752-132E51F44922}.Ad-Hoc|iPhone.ActiveCfg = Ad-Hoc|iPhone
		{1CD8DC1E-74C6-4593-9752-132E51F44922}.Ad-Hoc|iPhone.Build.0 = Ad-Hoc|iPhone
		{1CD8DC1E-74C6-4593-9752-132E51F44922}.Ad-Hoc|iPhone.Deploy.0 = Ad-Hoc|iPhone
		{1CD8DC1E-74C6-4593-9752-132E51F44922}.Ad-Hoc|iPhoneSimulator.ActiveCfg = Ad-Hoc|iPhoneSimulator
		{1CD8DC1E-74C6-4593-9752-132E51F44922}.Ad-Hoc|iPhoneSimulator.Build.0 = Ad-Hoc|iPhoneSimulator
		{1CD8DC1E-74C6-4593-9752-132E51F44922}.Ad-Hoc|iPhoneSimulator.Deploy.0 = Ad-Hoc|iPhoneSimulator
		{1CD8DC1E-74C6-4593-9752-132E51F44922}.AppStore|Any CPU.ActiveCfg = AppStore|iPhone
		{1CD8DC1E-74C6-4593-9752-132E51F44922}.AppStore|Any CPU.Build.0 = AppStore|iPhone
		{1CD8DC1E-74C6-4593-9752-132E51F44922}.AppStore|Any CPU.Deploy.0 = AppStore|iPhone
		{1CD8DC1E-74C6-4593-9752-132E51F44922}.AppStore|iPhone.ActiveCfg = AppStore|iPhone
		{1CD8DC1E-74C6-4593-9752-132E51F44922}.AppStore|iPhone.Build.0 = AppStore|iPhone
		{1CD8DC1E-74C6-4593-9752-132E51F44922}.AppStore|iPhone.Deploy.0 = AppStore|iPhone
		{1CD8DC1E-74C6-4593-9752-132E51F44922}.AppStore|iPhoneSimulator.ActiveCfg = AppStore|iPhoneSimulator
		{1CD8DC1E-74C6-4593-9752-132E51F44922}.AppStore|iPhoneSimulator.Build.0 = AppStore|iPhoneSimulator
		{1CD8DC1E-74C6-4593-9752-132E51F44922}.AppStore|iPhoneSimulator.Deploy.0 = AppStore|iPhoneSimulator
		{1CD8DC1E-74C6-4593-9752-132E51F44922}.Debug|Any CPU.ActiveCfg = Debug|iPhoneSimulator
		{1CD8DC1E-74C6-4593-9752-132E51F44922}.Debug|Any CPU.Build.0 = Debug|iPhoneSimulator
		{1CD8DC1E-74C6-4593-9752-132E51F44922}.Debug|Any CPU.Deploy.0 = Debug|iPhoneSimulator
		{1CD8DC1E-74C6-4593-9752-132E51F44922}.Debug|iPhone.ActiveCfg = Debug|iPhone
		{1CD8DC1E-74C6-4593-9752-132E51F44922}.Debug|iPhone.Build.0 = Debug|iPhone
		{1CD8DC1E-74C6-4593-9752-132E51F44922}.Debug|iPhone.Deploy.0 = Debug|iPhone
		{1CD8DC1E-74C6-4593-9752-132E51F44922}.Debug|iPhoneSimulator.ActiveCfg = Debug|iPhoneSimulator
		{1CD8DC1E-74C6-4593-9752-132E51F44922}.Debug|iPhoneSimulator.Build.0 = Debug|iPhoneSimulator
		{1CD8DC1E-74C6-4593-9752-132E51F44922}.Debug|iPhoneSimulator.Deploy.0 = Debug|iPhoneSimulator
		{1CD8DC1E-74C6-4593-9752-132E51F44922}.Release|Any CPU.ActiveCfg = Release|iPhone
		{1CD8DC1E-74C6-4593-9752-132E51F44922}.Release|Any CPU.Build.0 = Release|iPhone
		{1CD8DC1E-74C6-4593-9752-132E51F44922}.Release|Any CPU.Deploy.0 = Release|iPhone
		{1CD8DC1E-74C6-4593-9752-132E51F44922}.Release|iPhone.ActiveCfg = Release|iPhone
		{1CD8DC1E-74C6-4593-9752-132E51F44922}.Release|iPhone.Build.0 = Release|iPhone
		{1CD8DC1E-74C6-4593-9752-132E51F44922}.Release|iPhone.Deploy.0 = Release|iPhone
		{1CD8DC1E-74C6-4593-9752-132E51F44922}.Release|iPhoneSimulator.ActiveCfg = Release|iPhoneSimulator
		{1CD8DC1E-74C6-4593-9752-132E51F44922}.Release|iPhoneSimulator.Build.0 = Release|iPhoneSimulator
		{1CD8DC1E-74C6-4593-9752-132E51F44922}.Release|iPhoneSimulator.Deploy.0 = Release|iPhoneSimulator
		{E6A47898-AFD0-409E-A968-FA2B845FE301}.Ad-Hoc|Any CPU.ActiveCfg = Debug|Any CPU
		{E6A47898-AFD0-409E-A968-FA2B845FE301}.Ad-Hoc|Any CPU.Build.0 = Debug|Any CPU
		{E6A47898-AFD0-409E-A968-FA2B845FE301}.Ad-Hoc|Any CPU.Deploy.0 = Debug|Any CPU
		{E6A47898-AFD0-409E-A968-FA2B845FE301}.Ad-Hoc|iPhone.ActiveCfg = Debug|Any CPU
		{E6A47898-AFD0-409E-A968-FA2B845FE301}.Ad-Hoc|iPhone.Build.0 = Debug|Any CPU
		{E6A47898-AFD0-409E-A968-FA2B845FE301}.Ad-Hoc|iPhone.Deploy.0 = Debug|Any CPU
		{E6A47898-AFD0-409E-A968-FA2B845FE301}.Ad-Hoc|iPhoneSimulator.ActiveCfg = Debug|Any CPU
		{E6A47898-AFD0-409E-A968-FA2B845FE301}.Ad-Hoc|iPhoneSimulator.Build.0 = Debug|Any CPU
		{E6A47898-AFD0-409E-A968-FA2B845FE301}.Ad-Hoc|iPhoneSimulator.Deploy.0 = Debug|Any CPU
		{E6A47898-AFD0-409E-A968-FA2B845FE301}.AppStore|Any CPU.ActiveCfg = Debug|Any CPU
		{E6A47898-AFD0-409E-A968-FA2B845FE301}.AppStore|Any CPU.Build.0 = Debug|Any CPU
		{E6A47898-AFD0-409E-A968-FA2B845FE301}.AppStore|Any CPU.Deploy.0 = Debug|Any CPU
		{E6A47898-AFD0-409E-A968-FA2B845FE301}.AppStore|iPhone.ActiveCfg = Debug|Any CPU
		{E6A47898-AFD0-409E-A968-FA2B845FE301}.AppStore|iPhone.Build.0 = Debug|Any CPU
		{E6A47898-AFD0-409E-A968-FA2B845FE301}.AppStore|iPhone.Deploy.0 = Debug|Any CPU
		{E6A47898-AFD0-409E-A968-FA2B845FE301}.AppStore|iPhoneSimulator.ActiveCfg = Debug|Any CPU
		{E6A47898-AFD0-409E-A968-FA2B845FE301}.AppStore|iPhoneSimulator.Build.0 = Debug|Any CPU
		{E6A47898-AFD0-409E-A968-FA2B845FE301}.AppStore|iPhoneSimulator.Deploy.0 = Debug|Any CPU
		{E6A47898-AFD0-409E-A968-FA2B845FE301}.Debug|Any CPU.ActiveCfg = Debug|Any CPU
		{E6A47898-AFD0-409E-A968-FA2B845FE301}.Debug|Any CPU.Build.0 = Debug|Any CPU
		{E6A47898-AFD0-409E-A968-FA2B845FE301}.Debug|Any CPU.Deploy.0 = Debug|Any CPU
		{E6A47898-AFD0-409E-A968-FA2B845FE301}.Debug|iPhone.ActiveCfg = Debug|Any CPU
		{E6A47898-AFD0-409E-A968-FA2B845FE301}.Debug|iPhone.Build.0 = Debug|Any CPU
		{E6A47898-AFD0-409E-A968-FA2B845FE301}.Debug|iPhone.Deploy.0 = Debug|Any CPU
		{E6A47898-AFD0-409E-A968-FA2B845FE301}.Debug|iPhoneSimulator.ActiveCfg = Debug|Any CPU
		{E6A47898-AFD0-409E-A968-FA2B845FE301}.Debug|iPhoneSimulator.Build.0 = Debug|Any CPU
		{E6A47898-AFD0-409E-A968-FA2B845FE301}.Debug|iPhoneSimulator.Deploy.0 = Debug|Any CPU
		{E6A47898-AFD0-409E-A968-FA2B845FE301}.Release|Any CPU.ActiveCfg = Release|Any CPU
		{E6A47898-AFD0-409E-A968-FA2B845FE301}.Release|Any CPU.Build.0 = Release|Any CPU
		{E6A47898-AFD0-409E-A968-FA2B845FE301}.Release|Any CPU.Deploy.0 = Release|Any CPU
		{E6A47898-AFD0-409E-A968-FA2B845FE301}.Release|iPhone.ActiveCfg = Release|Any CPU
		{E6A47898-AFD0-409E-A968-FA2B845FE301}.Release|iPhone.Build.0 = Release|Any CPU
		{E6A47898-AFD0-409E-A968-FA2B845FE301}.Release|iPhone.Deploy.0 = Release|Any CPU
		{E6A47898-AFD0-409E-A968-FA2B845FE301}.Release|iPhoneSimulator.ActiveCfg = Release|Any CPU
		{E6A47898-AFD0-409E-A968-FA2B845FE301}.Release|iPhoneSimulator.Build.0 = Release|Any CPU
		{E6A47898-AFD0-409E-A968-FA2B845FE301}.Release|iPhoneSimulator.Deploy.0 = Release|Any CPU
	EndGlobalSection
	GlobalSection(SolutionProperties) = preSolution
		HideSolutionNode = FALSE
	EndGlobalSection
	GlobalSection(ExtensibilityGlobals) = postSolution
		SolutionGuid = {4725D0A2-C440-4A02-B3DD-D06E8EC0C98B}
	EndGlobalSection
EndGlobal
